dependencies:
  espressif/esp_tinyusb:
    component_hash: 9382e15aaacd3f29e2de2360eb266ef1d7e5ebf4fdefbeaebe146e471d341656
    dependencies:
    - name: idf
      require: private
      version: ^5.0
    - name: espressif/tinyusb
      registry_url: https://components.espressif.com
      require: public
      version: '>=0.14.2'
    source:
      registry_url: https://components.espressif.com/
      type: service
    version: 1.7.2
  espressif/tinyusb:
    component_hash: 0f96faa5e29d5a04553ba7050b9051c1f6b549b9340681eb7afdda419a8dff2e
    dependencies:
    - name: idf
      require: private
      version: '>=5.0'
    source:
      registry_url: https://components.espressif.com
      type: service
    targets:
    - esp32s2
    - esp32s3
    - esp32p4
    version: 0.18.0~1
  idf:
    source:
      type: idf
    version: 5.5.0
  joltwallet/littlefs:
    component_hash: 643b743903a7edf000742bc4abc9780972cfbfe7deefbc4e56f627ccf571c485
    dependencies:
    - name: idf
      require: private
      version: '>=5.0'
    source:
      registry_url: https://components.espressif.com/
      type: service
    version: 1.19.0
direct_dependencies:
- espressif/esp_tinyusb
- idf
- joltwallet/littlefs
manifest_hash: 2cdb5094a110224c49d4bbf28c60bab14e536bcacbb04d235d529ee8b80c3021
target: esp32s3
version: 2.0.0
